
Microsoft Visual Studio Solution File, Format Version 12.00
# Visual Studio Version 16
VisualStudioVersion = 16.0.34114.132
MinimumVisualStudioVersion = 10.0.40219.1
Project("{FAE04EC0-301F-11D3-BF4B-00C04F79EFBC}") = "MovieRentalsAPI", "MovieRentalsAPI.csproj", "{37C40FBC-FC45-4510-88FA-F25EFC43BCF1}"
EndProject
Global
	GlobalSection(SolutionConfigurationPlatforms) = preSolution
		Debug|Any CPU = Debug|Any CPU
		Release|Any CPU = Release|Any CPU
	EndGlobalSection
	GlobalSection(ProjectConfigurationPlatforms) = postSolution
		{37C40FBC-FC45-4510-88FA-F25EFC43BCF1}.Debug|Any CPU.ActiveCfg = Debug|Any CPU
		{37C40FBC-FC45-4510-88FA-F25EFC43BCF1}.Debug|Any CPU.Build.0 = Debug|Any CPU
		{37C40FBC-FC45-4510-88FA-F25EFC43BCF1}.Release|Any CPU.ActiveCfg = Release|Any CPU
		{37C40FBC-FC45-4510-88FA-F25EFC43BCF1}.Release|Any CPU.Build.0 = Release|Any CPU
	EndGlobalSection
	GlobalSection(SolutionProperties) = preSolution
		HideSolutionNode = FALSE
	EndGlobalSection
	GlobalSection(ExtensibilityGlobals) = postSolution
		SolutionGuid = {28DB3573-DAF5-4B9A-A1BF-EC023E0A288B}
	EndGlobalSection
EndGlobal
